
Microsoft Visual Studio Solution File, Format Version 12.00
# Visual Studio 15
VisualStudioVersion = 15.0.28307.106
MinimumVisualStudioVersion = 10.0.40219.1
Project("{FAE04EC0-301F-11D3-BF4B-00C04F79EFBC}") = "Exercise1Quadratic", "Exercise1Quadratic\Exercise1Quadratic.csproj", "{1DEB89DF-9E9D-4C66-83E4-D28E674372D0}"
EndProject
Global
	GlobalSection(SolutionConfigurationPlatforms) = preSolution
		Debug|Any CPU = Debug|Any CPU
		Release|Any CPU = Release|Any CPU
	EndGlobalSection
	GlobalSection(ProjectConfigurationPlatforms) = postSolution
		{1DEB89DF-9E9D-4C66-83E4-D28E674372D0}.Debug|Any CPU.ActiveCfg = Debug|Any CPU
		{1DEB89DF-9E9D-4C66-83E4-D28E674372D0}.Debug|Any CPU.Build.0 = Debug|Any CPU
		{1DEB89DF-9E9D-4C66-83E4-D28E674372D0}.Release|Any CPU.ActiveCfg = Release|Any CPU
		{1DEB89DF-9E9D-4C66-83E4-D28E674372D0}.Release|Any CPU.Build.0 = Release|Any CPU
	EndGlobalSection
	GlobalSection(SolutionProperties) = preSolution
		HideSolutionNode = FALSE
	EndGlobalSection
	GlobalSection(ExtensibilityGlobals) = postSolution
		SolutionGuid = {CC49F312-345E-42CC-AFCC-EF9C681FD0EE}
	EndGlobalSection
EndGlobal
